// !$*UTF8*$!
{
	archiveVersion = 1;
	classes = {
	};
	objectVersion = 48;
	objects = {

/* Begin PBXBuildFile section */
		D93DC44520221D0900E0E3CE /* RSKGrowingTextView.swift in Sources */ = {isa = PBXBuildFile; fileRef = D93DC44420221D0900E0E3CE /* RSKGrowingTextView.swift */; };
		D93DC44720221D2100E0E3CE /* RSKPlaceholderTextView.swift in Sources */ = {isa = PBXBuildFile; fileRef = D93DC44620221D2100E0E3CE /* RSKPlaceholderTextView.swift */; };
		D9A34451202077B5002602EE /* AppDelegate.swift in Sources */ = {isa = PBXBuildFile; fileRef = D9A34450202077B5002602EE /* AppDelegate.swift */; };
		D9A34453202077B5002602EE /* ViewController.swift in Sources */ = {isa = PBXBuildFile; fileRef = D9A34452202077B5002602EE /* ViewController.swift */; };
		D9A34456202077B5002602EE /* Main.storyboard in Resources */ = {isa = PBXBuildFile; fileRef = D9A34454202077B5002602EE /* Main.storyboard */; };
		D9A34458202077B5002602EE /* Assets.xcassets in Resources */ = {isa = PBXBuildFile; fileRef = D9A34457202077B5002602EE /* Assets.xcassets */; };
		D9A3445B202077B5002602EE /* LaunchScreen.storyboard in Resources */ = {isa = PBXBuildFile; fileRef = D9A34459202077B5002602EE /* LaunchScreen.storyboard */; };
		D9A34466202077B5002602EE /* TwitSplitTests.swift in Sources */ = {isa = PBXBuildFile; fileRef = D9A34465202077B5002602EE /* TwitSplitTests.swift */; };
/* End PBXBuildFile section */

/* Begin PBXContainerItemProxy section */
		D9A34462202077B5002602EE /* PBXContainerItemProxy */ = {
			isa = PBXContainerItemProxy;
			containerPortal = D9A34445202077B5002602EE /* Project object */;
			proxyType = 1;
			remoteGlobalIDString = D9A3444C202077B5002602EE;
			remoteInfo = TwitSplit;
		};
/* End PBXContainerItemProxy section */

/* Begin PBXFileReference section */
		D93DC44420221D0900E0E3CE /* RSKGrowingTextView.swift */ = {isa = PBXFileReference; lastKnownFileType = sourcecode.swift; path = RSKGrowingTextView.swift; sourceTree = "<group>"; };
		D93DC44620221D2100E0E3CE /* RSKPlaceholderTextView.swift */ = {isa = PBXFileReference; lastKnownFileType = sourcecode.swift; path = RSKPlaceholderTextView.swift; sourceTree = "<group>"; };
		D9A3444D202077B5002602EE /* TwitSplit.app */ = {isa = PBXFileReference; explicitFileType = wrapper.application; includeInIndex = 0; path = TwitSplit.app; sourceTree = BUILT_PRODUCTS_DIR; };
		D9A34450202077B5002602EE /* AppDelegate.swift */ = {isa = PBXFileReference; lastKnownFileType = sourcecode.swift; path = AppDelegate.swift; sourceTree = "<group>"; };
		D9A34452202077B5002602EE /* ViewController.swift */ = {isa = PBXFileReference; lastKnownFileType = sourcecode.swift; path = ViewController.swift; sourceTree = "<group>"; };
		D9A34455202077B5002602EE /* Base */ = {isa = PBXFileReference; lastKnownFileType = file.storyboard; name = Base; path = Base.lproj/Main.storyboard; sourceTree = "<group>"; };
		D9A34457202077B5002602EE /* Assets.xcassets */ = {isa = PBXFileReference; lastKnownFileType = folder.assetcatalog; path = Assets.xcassets; sourceTree = "<group>"; };
		D9A3445A202077B5002602EE /* Base */ = {isa = PBXFileReference; lastKnownFileType = file.storyboard; name = Base; path = Base.lproj/LaunchScreen.storyboard; sourceTree = "<group>"; };
		D9A3445C202077B5002602EE /* Info.plist */ = {isa = PBXFileReference; lastKnownFileType = text.plist.xml; path = Info.plist; sourceTree = "<group>"; };
		D9A34461202077B5002602EE /* TwitSplitTests.xctest */ = {isa = PBXFileReference; explicitFileType = wrapper.cfbundle; includeInIndex = 0; path = TwitSplitTests.xctest; sourceTree = BUILT_PRODUCTS_DIR; };
		D9A34465202077B5002602EE /* TwitSplitTests.swift */ = {isa = PBXFileReference; lastKnownFileType = sourcecode.swift; path = TwitSplitTests.swift; sourceTree = "<group>"; };
		D9A34467202077B5002602EE /* Info.plist */ = {isa = PBXFileReference; lastKnownFileType = text.plist.xml; path = Info.plist; sourceTree = "<group>"; };
/* End PBXFileReference section */

/* Begin PBXFrameworksBuildPhase section */
		D9A3444A202077B5002602EE /* Frameworks */ = {
			isa = PBXFrameworksBuildPhase;
			buildActionMask = 2147483647;
			files = (
			);
			runOnlyForDeploymentPostprocessing = 0;
		};
		D9A3445E202077B5002602EE /* Frameworks */ = {
			isa = PBXFrameworksBuildPhase;
			buildActionMask = 2147483647;
			files = (
			);
			runOnlyForDeploymentPostprocessing = 0;
		};
/* End PBXFrameworksBuildPhase section */

/* Begin PBXGroup section */
		D93DC43A20221B7700E0E3CE /* RSKGrowingTextView */ = {
			isa = PBXGroup;
			children = (
				D93DC44420221D0900E0E3CE /* RSKGrowingTextView.swift */,
				D93DC44620221D2100E0E3CE /* RSKPlaceholderTextView.swift */,
			);
			path = RSKGrowingTextView;
			sourceTree = "<group>";
		};
		D9A34444202077B5002602EE = {
			isa = PBXGroup;
			children = (
				D9A3444F202077B5002602EE /* TwitSplit */,
				D9A34464202077B5002602EE /* TwitSplitTests */,
				D9A3444E202077B5002602EE /* Products */,
			);
			sourceTree = "<group>";
		};
		D9A3444E202077B5002602EE /* Products */ = {
			isa = PBXGroup;
			children = (
				D9A3444D202077B5002602EE /* TwitSplit.app */,
				D9A34461202077B5002602EE /* TwitSplitTests.xctest */,
			);
			name = Products;
			sourceTree = "<group>";
		};
		D9A3444F202077B5002602EE /* TwitSplit */ = {
			isa = PBXGroup;
			children = (
				D93DC43A20221B7700E0E3CE /* RSKGrowingTextView */,
				D9A34450202077B5002602EE /* AppDelegate.swift */,
				D9A34452202077B5002602EE /* ViewController.swift */,
				D9A34454202077B5002602EE /* Main.storyboard */,
				D9A34457202077B5002602EE /* Assets.xcassets */,
				D9A34459202077B5002602EE /* LaunchScreen.storyboard */,
				D9A3445C202077B5002602EE /* Info.plist */,
			);
			path = TwitSplit;
			sourceTree = "<group>";
		};
		D9A34464202077B5002602EE /* TwitSplitTests */ = {
			isa = PBXGroup;
			children = (
				D9A34465202077B5002602EE /* TwitSplitTests.swift */,
				D9A34467202077B5002602EE /* Info.plist */,
			);
			path = TwitSplitTests;
			sourceTree = "<group>";
		};
/* End PBXGroup section */

/* Begin PBXNativeTarget section */
		D9A3444C202077B5002602EE /* TwitSplit */ = {
			isa = PBXNativeTarget;
			buildConfigurationList = D9A3446A202077B5002602EE /* Build configuration list for PBXNativeTarget "TwitSplit" */;
			buildPhases = (
				D9A34449202077B5002602EE /* Sources */,
				D9A3444A202077B5002602EE /* Frameworks */,
				D9A3444B202077B5002602EE /* Resources */,
			);
			buildRules = (
			);
			dependencies = (
			);
			name = TwitSplit;
			productName = TwitSplit;
			productReference = D9A3444D202077B5002602EE /* TwitSplit.app */;
			productType = "com.apple.product-type.application";
		};
		D9A34460202077B5002602EE /* TwitSplitTests */ = {
			isa = PBXNativeTarget;
			buildConfigurationList = D9A3446D202077B5002602EE /* Build configuration list for PBXNativeTarget "TwitSplitTests" */;
			buildPhases = (
				D9A3445D202077B5002602EE /* Sources */,
				D9A3445E202077B5002602EE /* Frameworks */,
				D9A3445F202077B5002602EE /* Resources */,
			);
			buildRules = (
			);
			dependencies = (
				D9A34463202077B5002602EE /* PBXTargetDependency */,
			);
			name = TwitSplitTests;
			productName = TwitSplitTests;
			productReference = D9A34461202077B5002602EE /* TwitSplitTests.xctest */;
			productType = "com.apple.product-type.bundle.unit-test";
		};
/* End PBXNativeTarget section */

/* Begin PBXProject section */
		D9A34445202077B5002602EE /* Project object */ = {
			isa = PBXProject;
			attributes = {
				LastSwiftUpdateCheck = 0910;
				LastUpgradeCheck = 0910;
				ORGANIZATIONNAME = Mettamdaica;
				TargetAttributes = {
					D9A3444C202077B5002602EE = {
						CreatedOnToolsVersion = 9.1;
						ProvisioningStyle = Automatic;
					};
					D9A34460202077B5002602EE = {
						CreatedOnToolsVersion = 9.1;
						ProvisioningStyle = Automatic;
						TestTargetID = D9A3444C202077B5002602EE;
					};
				};
			};
			buildConfigurationList = D9A34448202077B5002602EE /* Build configuration list for PBXProject "TwitSplit" */;
			compatibilityVersion = "Xcode 8.0";
			developmentRegion = en;
			hasScannedForEncodings = 0;
			knownRegions = (
				en,
				Base,
			);
			mainGroup = D9A34444202077B5002602EE;
			productRefGroup = D9A3444E202077B5002602EE /* Products */;
			projectDirPath = "";
			projectRoot = "";
			targets = (
				D9A3444C202077B5002602EE /* TwitSplit */,
				D9A34460202077B5002602EE /* TwitSplitTests */,
			);
		};
/* End PBXProject section */

/* Begin PBXResourcesBuildPhase section */
		D9A3444B202077B5002602EE /* Resources */ = {
			isa = PBXResourcesBuildPhase;
			buildActionMask = 2147483647;
			files = (
				D9A3445B202077B5002602EE /* LaunchScreen.storyboard in Resources */,
				D9A34458202077B5002602EE /* Assets.xcassets in Resources */,
				D9A34456202077B5002602EE /* Main.storyboard in Resources */,
			);
			runOnlyForDeploymentPostprocessing = 0;
		};
		D9A3445F202077B5002602EE /* Resources */ = {
			isa = PBXResourcesBuildPhase;
			buildActionMask = 2147483647;
			files = (
			);
			runOnlyForDeploymentPostprocessing = 0;
		};
/* End PBXResourcesBuildPhase section */

/* Begin PBXSourcesBuildPhase section */
		D9A34449202077B5002602EE /* Sources */ = {
			isa = PBXSourcesBuildPhase;
			buildActionMask = 2147483647;
			files = (
				D9A34453202077B5002602EE /* ViewController.swift in Sources */,
				D93DC44520221D0900E0E3CE /* RSKGrowingTextView.swift in Sources */,
				D93DC44720221D2100E0E3CE /* RSKPlaceholderTextView.swift in Sources */,
				D9A34451202077B5002602EE /* AppDelegate.swift in Sources */,
			);
			runOnlyForDeploymentPostprocessing = 0;
		};
		D9A3445D202077B5002602EE /* Sources */ = {
			isa = PBXSourcesBuildPhase;
			buildActionMask = 2147483647;
			files = (
				D9A34466202077B5002602EE /* TwitSplitTests.swift in Sources */,
			);
			runOnlyForDeploymentPostprocessing = 0;
		};
/* End PBXSourcesBuildPhase section */

/* Begin PBXTargetDependency section */
		D9A34463202077B5002602EE /* PBXTargetDependency */ = {
			isa = PBXTargetDependency;
			target = D9A3444C202077B5002602EE /* TwitSplit */;
			targetProxy = D9A34462202077B5002602EE /* PBXContainerItemProxy */;
		};
/* End PBXTargetDependency section */

/* Begin PBXVariantGroup section */
		D9A34454202077B5002602EE /* Main.storyboard */ = {
			isa = PBXVariantGroup;
			children = (
				D9A34455202077B5002602EE /* Base */,
			);
			name = Main.storyboard;
			sourceTree = "<group>";
		};
		D9A34459202077B5002602EE /* LaunchScreen.storyboard */ = {
			isa = PBXVariantGroup;
			children = (
				D9A3445A202077B5002602EE /* Base */,
			);
			name = LaunchScreen.storyboard;
			sourceTree = "<group>";
		};
/* End PBXVariantGroup section */

/* Begin XCBuildConfiguration section */
		D9A34468202077B5002602EE /* Debug */ = {
			isa = XCBuildConfiguration;
			buildSettings = {
				ALWAYS_SEARCH_USER_PATHS = NO;
				CLANG_ANALYZER_NONNULL = YES;
				CLANG_ANALYZER_NUMBER_OBJECT_CONVERSION = YES_AGGRESSIVE;
				CLANG_CXX_LANGUAGE_STANDARD = "gnu++14";
				CLANG_CXX_LIBRARY = "libc++";
				CLANG_ENABLE_MODULES = YES;
				CLANG_ENABLE_OBJC_ARC = YES;
				CLANG_WARN_BLOCK_CAPTURE_AUTORELEASING = YES;
				CLANG_WARN_BOOL_CONVERSION = YES;
				CLANG_WARN_COMMA = YES;
				CLANG_WARN_CONSTANT_CONVERSION = YES;
				CLANG_WARN_DIRECT_OBJC_ISA_USAGE = YES_ERROR;
				CLANG_WARN_DOCUMENTATION_COMMENTS = YES;
				CLANG_WARN_EMPTY_BODY = YES;
				CLANG_WARN_ENUM_CONVERSION = YES;
				CLANG_WARN_INFINITE_RECURSION = YES;
				CLANG_WARN_INT_CONVERSION = YES;
				CLANG_WARN_NON_LITERAL_NULL_CONVERSION = YES;
				CLANG_WARN_OBJC_LITERAL_CONVERSION = YES;
				CLANG_WARN_OBJC_ROOT_CLASS = YES_ERROR;
				CLANG_WARN_RANGE_LOOP_ANALYSIS = YES;
				CLANG_WARN_STRICT_PROTOTYPES = YES;
				CLANG_WARN_SUSPICIOUS_MOVE = YES;
				CLANG_WARN_UNGUARDED_AVAILABILITY = YES_AGGRESSIVE;
				CLANG_WARN_UNREACHABLE_CODE = YES;
				CLANG_WARN__DUPLICATE_METHOD_MATCH = YES;
				CODE_SIGN_IDENTITY = "iPhone Developer";
				COPY_PHASE_STRIP = NO;
				DEBUG_INFORMATION_FORMAT = dwarf;
				ENABLE_STRICT_OBJC_MSGSEND = YES;
				ENABLE_TESTABILITY = YES;
				GCC_C_LANGUAGE_STANDARD = gnu11;
				GCC_DYNAMIC_NO_PIC = NO;
				GCC_NO_COMMON_BLOCKS = YES;
				GCC_OPTIMIZATION_LEVEL = 0;
				GCC_PREPROCESSOR_DEFINITIONS = (
					"DEBUG=1",
					"$(inherited)",
				);
				GCC_WARN_64_TO_32_BIT_CONVERSION = YES;
				GCC_WARN_ABOUT_RETURN_TYPE = YES_ERROR;
				GCC_WARN_UNDECLARED_SELECTOR = YES;
				GCC_WARN_UNINITIALIZED_AUTOS = YES_AGGRESSIVE;
				GCC_WARN_UNUSED_FUNCTION = YES;
				GCC_WARN_UNUSED_VARIABLE = YES;
				IPHONEOS_DEPLOYMENT_TARGET = 11.1;
				MTL_ENABLE_DEBUG_INFO = YES;
				ONLY_ACTIVE_ARCH = YES;
				SDKROOT = iphoneos;
				SWIFT_ACTIVE_COMPILATION_CONDITIONS = DEBUG;
				SWIFT_OPTIMIZATION_LEVEL = "-Onone";
			};
			name = Debug;
		};
		D9A34469202077B5002602EE /* Release */ = {
			isa = XCBuildConfiguration;
			buildSettings = {
				ALWAYS_SEARCH_USER_PATHS = NO;
				CLANG_ANALYZER_NONNULL = YES;
				CLANG_ANALYZER_NUMBER_OBJECT_CONVERSION = YES_AGGRESSIVE;
				CLANG_CXX_LANGUAGE_STANDARD = "gnu++14";
				CLANG_CXX_LIBRARY = "libc++";
				CLANG_ENABLE_MODULES = YES;
				CLANG_ENABLE_OBJC_ARC = YES;
				CLANG_WARN_BLOCK_CAPTURE_AUTORELEASING = YES;
				CLANG_WARN_BOOL_CONVERSION = YES;
				CLANG_WARN_COMMA = YES;
				CLANG_WARN_CONSTANT_CONVERSION = YES;
				CLANG_WARN_DIRECT_OBJC_ISA_USAGE = YES_ERROR;
				CLANG_WARN_DOCUMENTATION_COMMENTS = YES;
				CLANG_WARN_EMPTY_BODY = YES;
				CLANG_WARN_ENUM_CONVERSION = YES;
				CLANG_WARN_INFINITE_RECURSION = YES;
				CLANG_WARN_INT_CONVERSION = YES;
				CLANG_WARN_NON_LITERAL_NULL_CONVERSION = YES;
				CLANG_WARN_OBJC_LITERAL_CONVERSION = YES;
				CLANG_WARN_OBJC_ROOT_CLASS = YES_ERROR;
				CLANG_WARN_RANGE_LOOP_ANALYSIS = YES;
				CLANG_WARN_STRICT_PROTOTYPES = YES;
				CLANG_WARN_SUSPICIOUS_MOVE = YES;
				CLANG_WARN_UNGUARDED_AVAILABILITY = YES_AGGRESSIVE;
				CLANG_WARN_UNREACHABLE_CODE = YES;
				CLANG_WARN__DUPLICATE_METHOD_MATCH = YES;
				CODE_SIGN_IDENTITY = "iPhone Developer";
				COPY_PHASE_STRIP = NO;
				DEBUG_INFORMATION_FORMAT = "dwarf-with-dsym";
				ENABLE_NS_ASSERTIONS = NO;
				ENABLE_STRICT_OBJC_MSGSEND = YES;
				GCC_C_LANGUAGE_STANDARD = gnu11;
				GCC_NO_COMMON_BLOCKS = YES;
				GCC_WARN_64_TO_32_BIT_CONVERSION = YES;
				GCC_WARN_ABOUT_RETURN_TYPE = YES_ERROR;
				GCC_WARN_UNDECLARED_SELECTOR = YES;
				GCC_WARN_UNINITIALIZED_AUTOS = YES_AGGRESSIVE;
				GCC_WARN_UNUSED_FUNCTION = YES;
				GCC_WARN_UNUSED_VARIABLE = YES;
				IPHONEOS_DEPLOYMENT_TARGET = 11.1;
				MTL_ENABLE_DEBUG_INFO = NO;
				SDKROOT = iphoneos;
				SWIFT_OPTIMIZATION_LEVEL = "-Owholemodule";
				VALIDATE_PRODUCT = YES;
			};
			name = Release;
		};
		D9A3446B202077B5002602EE /* Debug */ = {
			isa = XCBuildConfiguration;
			buildSettings = {
				ASSETCATALOG_COMPILER_APPICON_NAME = AppIcon;
				CODE_SIGN_STYLE = Automatic;
				INFOPLIST_FILE = TwitSplit/Info.plist;
				LD_RUNPATH_SEARCH_PATHS = "$(inherited) @executable_path/Frameworks";
				PRODUCT_BUNDLE_IDENTIFIER = Zalora.TwitSplit;
				PRODUCT_NAME = "$(TARGET_NAME)";
				SWIFT_VERSION = 4.0;
				TARGETED_DEVICE_FAMILY = "1,2";
			};
			name = Debug;
		};
		D9A3446C202077B5002602EE /* Release */ = {
			isa = XCBuildConfiguration;
			buildSettings = {
				ASSETCATALOG_COMPILER_APPICON_NAME = AppIcon;
				CODE_SIGN_STYLE = Automatic;
				INFOPLIST_FILE = TwitSplit/Info.plist;
				LD_RUNPATH_SEARCH_PATHS = "$(inherited) @executable_path/Frameworks";
				PRODUCT_BUNDLE_IDENTIFIER = Zalora.TwitSplit;
				PRODUCT_NAME = "$(TARGET_NAME)";
				SWIFT_VERSION = 4.0;
				TARGETED_DEVICE_FAMILY = "1,2";
			};
			name = Release;
		};
		D9A3446E202077B5002602EE /* Debug */ = {
			isa = XCBuildConfiguration;
			buildSettings = {
				ALWAYS_EMBED_SWIFT_STANDARD_LIBRARIES = YES;
				BUNDLE_LOADER = "$(TEST_HOST)";
				CODE_SIGN_STYLE = Automatic;
				INFOPLIST_FILE = TwitSplitTests/Info.plist;
				LD_RUNPATH_SEARCH_PATHS = "$(inherited) @executable_path/Frameworks @loader_path/Frameworks";
				PRODUCT_BUNDLE_IDENTIFIER = Zalora.TwitSplitTests;
				PRODUCT_NAME = "$(TARGET_NAME)";
				SWIFT_VERSION = 4.0;
				TARGETED_DEVICE_FAMILY = "1,2";
				TEST_HOST = "$(BUILT_PRODUCTS_DIR)/TwitSplit.app/TwitSplit";
			};
			name = Debug;
		};
		D9A3446F202077B5002602EE /* Release */ = {
			isa = XCBuildConfiguration;
			buildSettings = {
				ALWAYS_EMBED_SWIFT_STANDARD_LIBRARIES = YES;
				BUNDLE_LOADER = "$(TEST_HOST)";
				CODE_SIGN_STYLE = Automatic;
				INFOPLIST_FILE = TwitSplitTests/Info.plist;
				LD_RUNPATH_SEARCH_PATHS = "$(inherited) @executable_path/Frameworks @loader_path/Frameworks";
				PRODUCT_BUNDLE_IDENTIFIER = Zalora.TwitSplitTests;
				PRODUCT_NAME = "$(TARGET_NAME)";
				SWIFT_VERSION = 4.0;
				TARGETED_DEVICE_FAMILY = "1,2";
				TEST_HOST = "$(BUILT_PRODUCTS_DIR)/TwitSplit.app/TwitSplit";
			};
			name = Release;
		};
/* End XCBuildConfiguration section */

/* Begin XCConfigurationList section */
		D9A34448202077B5002602EE /* Build configuration list for PBXProject "TwitSplit" */ = {
			isa = XCConfigurationList;
			buildConfigurations = (
				D9A34468202077B5002602EE /* Debug */,
				D9A34469202077B5002602EE /* Release */,
			);
			defaultConfigurationIsVisible = 0;
			defaultConfigurationName = Release;
		};
		D9A3446A202077B5002602EE /* Build configuration list for PBXNativeTarget "TwitSplit" */ = {
			isa = XCConfigurationList;
			buildConfigurations = (
				D9A3446B202077B5002602EE /* Debug */,
				D9A3446C202077B5002602EE /* Release */,
			);
			defaultConfigurationIsVisible = 0;
			defaultConfigurationName = Release;
		};
		D9A3446D202077B5002602EE /* Build configuration list for PBXNativeTarget "TwitSplitTests" */ = {
			isa = XCConfigurationList;
			buildConfigurations = (
				D9A3446E202077B5002602EE /* Debug */,
				D9A3446F202077B5002602EE /* Release */,
			);
			defaultConfigurationIsVisible = 0;
			defaultConfigurationName = Release;
		};
/* End XCConfigurationList section */
	};
	rootObject = D9A34445202077B5002602EE /* Project object */;
}
